
Microsoft Visual Studio Solution File, Format Version 12.00
# Visual Studio Version 17
VisualStudioVersion = 17.2.32526.322
MinimumVisualStudioVersion = 10.0.40219.1
Project("{FAE04EC0-301F-11D3-BF4B-00C04F79EFBC}") = "BancoProj", "BancoProj\BancoProj.csproj", "{597E3AD6-A0F9-4FCC-A176-339DAE69276E}"
EndProject
Global
	GlobalSection(SolutionConfigurationPlatforms) = preSolution
		Debug|Any CPU = Debug|Any CPU
		Release|Any CPU = Release|Any CPU
	EndGlobalSection
	GlobalSection(ProjectConfigurationPlatforms) = postSolution
		{597E3AD6-A0F9-4FCC-A176-339DAE69276E}.Debug|Any CPU.ActiveCfg = Debug|Any CPU
		{597E3AD6-A0F9-4FCC-A176-339DAE69276E}.Debug|Any CPU.Build.0 = Debug|Any CPU
		{597E3AD6-A0F9-4FCC-A176-339DAE69276E}.Release|Any CPU.ActiveCfg = Release|Any CPU
		{597E3AD6-A0F9-4FCC-A176-339DAE69276E}.Release|Any CPU.Build.0 = Release|Any CPU
	EndGlobalSection
	GlobalSection(SolutionProperties) = preSolution
		HideSolutionNode = FALSE
	EndGlobalSection
	GlobalSection(ExtensibilityGlobals) = postSolution
		SolutionGuid = {F4990549-DF4E-465C-91E9-CF32C9D59847}
	EndGlobalSection
EndGlobal
